
Microsoft Visual Studio Solution File, Format Version 12.00
# Visual Studio Version 17
VisualStudioVersion = 17.14.36301.6 d17.14
MinimumVisualStudioVersion = 10.0.40219.1
Project("{FAE04EC0-301F-11D3-BF4B-00C04F79EFBC}") = "GLSLShaderLab", "GLSLShaderLab.csproj", "{A7F52727-3CB3-C294-B528-483D930C3C80}"
EndProject
Global
	GlobalSection(SolutionConfigurationPlatforms) = preSolution
		Debug|Any CPU = Debug|Any CPU
		Release|Any CPU = Release|Any CPU
	EndGlobalSection
	GlobalSection(ProjectConfigurationPlatforms) = postSolution
		{A7F52727-3CB3-C294-B528-483D930C3C80}.Debug|Any CPU.ActiveCfg = Debug|Any CPU
		{A7F52727-3CB3-C294-B528-483D930C3C80}.Debug|Any CPU.Build.0 = Debug|Any CPU
		{A7F52727-3CB3-C294-B528-483D930C3C80}.Release|Any CPU.ActiveCfg = Release|Any CPU
		{A7F52727-3CB3-C294-B528-483D930C3C80}.Release|Any CPU.Build.0 = Release|Any CPU
	EndGlobalSection
	GlobalSection(SolutionProperties) = preSolution
		HideSolutionNode = FALSE
	EndGlobalSection
	GlobalSection(ExtensibilityGlobals) = postSolution
		SolutionGuid = {D457B2B1-FE7C-49ED-8CF9-834C14D9ECD5}
	EndGlobalSection
EndGlobal
